
Microsoft Visual Studio Solution File, Format Version 11.00
# Visual Studio 2010
Project("{E24C65DC-7377-472B-9ABA-BC803B73C61A}") = "JQEBookingTest.Web", "JQEBookingTest\JQEBookingTest.Web\", "{38131674-91B4-4AB4-87E2-69B71F0E63AB}"
	ProjectSection(WebsiteProperties) = preProject
		TargetFrameworkMoniker = ".NETFramework,Version%3Dv4.0"
		ProjectReferences = "{8F4F0A3A-03AF-45F3-A0B9-B87023AB611D}|JQEBookingTest.Business.dll;{6EB12FE3-1FD2-4EF4-BD74-8469A9B804AA}|JQEBookingTest.Common.dll;{1D90941A-0AC2-428B-B22C-699FA4CDC71D}|JQEBookingTest.DataAccess.dll;{18E179F0-3BEE-49AF-B921-E07578DD42A4}|JQEBookingTest.IBusiness.dll;{15BD8212-4FB4-452D-8FFC-87E1966B3E29}|JQEBookingTest.Injector.dll;{C22EE390-AF05-4EB3-863F-54B575F872C6}|JQEBookingTest.Model.dll;"
		Debug.AspNetCompiler.VirtualPath = "/JQEBookingTest.Web"
		Debug.AspNetCompiler.PhysicalPath = "JQEBookingTest\JQEBookingTest.Web\"
		Debug.AspNetCompiler.TargetPath = "PrecompiledWeb\JQEBookingTest.Web\"
		Debug.AspNetCompiler.Updateable = "true"
		Debug.AspNetCompiler.ForceOverwrite = "true"
		Debug.AspNetCompiler.FixedNames = "false"
		Debug.AspNetCompiler.Debug = "True"
		Release.AspNetCompiler.VirtualPath = "/JQEBookingTest.Web"
		Release.AspNetCompiler.PhysicalPath = "JQEBookingTest\JQEBookingTest.Web\"
		Release.AspNetCompiler.TargetPath = "PrecompiledWeb\JQEBookingTest.Web\"
		Release.AspNetCompiler.Updateable = "true"
		Release.AspNetCompiler.ForceOverwrite = "true"
		Release.AspNetCompiler.FixedNames = "false"
		Release.AspNetCompiler.Debug = "False"
		VWDPort = "55703"
		DefaultWebSiteLanguage = "Visual C#"
	EndProjectSection
EndProject
Project("{FAE04EC0-301F-11D3-BF4B-00C04F79EFBC}") = "JQEBookingTest.Business", "JQEBookingTest\JQEBookingTest.Business\JQEBookingTest.Business.csproj", "{8F4F0A3A-03AF-45F3-A0B9-B87023AB611D}"
EndProject
Project("{FAE04EC0-301F-11D3-BF4B-00C04F79EFBC}") = "JQEBookingTest.DataAccess", "JQEBookingTest\JQEBookingTest.DataAccess\JQEBookingTest.DataAccess.csproj", "{1D90941A-0AC2-428B-B22C-699FA4CDC71D}"
EndProject
Project("{FAE04EC0-301F-11D3-BF4B-00C04F79EFBC}") = "JQEBookingTest.IBusiness", "JQEBookingTest\JQEBookingTest.IBusiness\JQEBookingTest.IBusiness.csproj", "{18E179F0-3BEE-49AF-B921-E07578DD42A4}"
EndProject
Project("{FAE04EC0-301F-11D3-BF4B-00C04F79EFBC}") = "JQEBookingTest.Model", "JQEBookingTest\JQEBookingTest.Model\JQEBookingTest.Model.csproj", "{C22EE390-AF05-4EB3-863F-54B575F872C6}"
EndProject
Project("{FAE04EC0-301F-11D3-BF4B-00C04F79EFBC}") = "JQEBookingTest.Common", "JQEBookingTest\JQEBookingTest.Common\JQEBookingTest.Common.csproj", "{6EB12FE3-1FD2-4EF4-BD74-8469A9B804AA}"
EndProject
Project("{FAE04EC0-301F-11D3-BF4B-00C04F79EFBC}") = "JQEBookingTest.Injector", "JQEBookingTest\JQEBookingTest.Injector\JQEBookingTest.Injector.csproj", "{15BD8212-4FB4-452D-8FFC-87E1966B3E29}"
EndProject
Global
	GlobalSection(SolutionConfigurationPlatforms) = preSolution
		Debug|Any CPU = Debug|Any CPU
		Release|Any CPU = Release|Any CPU
	EndGlobalSection
	GlobalSection(ProjectConfigurationPlatforms) = postSolution
		{38131674-91B4-4AB4-87E2-69B71F0E63AB}.Debug|Any CPU.ActiveCfg = Debug|Any CPU
		{38131674-91B4-4AB4-87E2-69B71F0E63AB}.Debug|Any CPU.Build.0 = Debug|Any CPU
		{38131674-91B4-4AB4-87E2-69B71F0E63AB}.Release|Any CPU.ActiveCfg = Debug|Any CPU
		{38131674-91B4-4AB4-87E2-69B71F0E63AB}.Release|Any CPU.Build.0 = Debug|Any CPU
		{8F4F0A3A-03AF-45F3-A0B9-B87023AB611D}.Debug|Any CPU.ActiveCfg = Debug|Any CPU
		{8F4F0A3A-03AF-45F3-A0B9-B87023AB611D}.Debug|Any CPU.Build.0 = Debug|Any CPU
		{8F4F0A3A-03AF-45F3-A0B9-B87023AB611D}.Release|Any CPU.ActiveCfg = Release|Any CPU
		{8F4F0A3A-03AF-45F3-A0B9-B87023AB611D}.Release|Any CPU.Build.0 = Release|Any CPU
		{1D90941A-0AC2-428B-B22C-699FA4CDC71D}.Debug|Any CPU.ActiveCfg = Debug|Any CPU
		{1D90941A-0AC2-428B-B22C-699FA4CDC71D}.Debug|Any CPU.Build.0 = Debug|Any CPU
		{1D90941A-0AC2-428B-B22C-699FA4CDC71D}.Release|Any CPU.ActiveCfg = Release|Any CPU
		{1D90941A-0AC2-428B-B22C-699FA4CDC71D}.Release|Any CPU.Build.0 = Release|Any CPU
		{18E179F0-3BEE-49AF-B921-E07578DD42A4}.Debug|Any CPU.ActiveCfg = Debug|Any CPU
		{18E179F0-3BEE-49AF-B921-E07578DD42A4}.Debug|Any CPU.Build.0 = Debug|Any CPU
		{18E179F0-3BEE-49AF-B921-E07578DD42A4}.Release|Any CPU.ActiveCfg = Release|Any CPU
		{18E179F0-3BEE-49AF-B921-E07578DD42A4}.Release|Any CPU.Build.0 = Release|Any CPU
		{C22EE390-AF05-4EB3-863F-54B575F872C6}.Debug|Any CPU.ActiveCfg = Debug|Any CPU
		{C22EE390-AF05-4EB3-863F-54B575F872C6}.Debug|Any CPU.Build.0 = Debug|Any CPU
		{C22EE390-AF05-4EB3-863F-54B575F872C6}.Release|Any CPU.ActiveCfg = Release|Any CPU
		{C22EE390-AF05-4EB3-863F-54B575F872C6}.Release|Any CPU.Build.0 = Release|Any CPU
		{6EB12FE3-1FD2-4EF4-BD74-8469A9B804AA}.Debug|Any CPU.ActiveCfg = Debug|Any CPU
		{6EB12FE3-1FD2-4EF4-BD74-8469A9B804AA}.Debug|Any CPU.Build.0 = Debug|Any CPU
		{6EB12FE3-1FD2-4EF4-BD74-8469A9B804AA}.Release|Any CPU.ActiveCfg = Release|Any CPU
		{6EB12FE3-1FD2-4EF4-BD74-8469A9B804AA}.Release|Any CPU.Build.0 = Release|Any CPU
		{15BD8212-4FB4-452D-8FFC-87E1966B3E29}.Debug|Any CPU.ActiveCfg = Debug|Any CPU
		{15BD8212-4FB4-452D-8FFC-87E1966B3E29}.Debug|Any CPU.Build.0 = Debug|Any CPU
		{15BD8212-4FB4-452D-8FFC-87E1966B3E29}.Release|Any CPU.ActiveCfg = Release|Any CPU
		{15BD8212-4FB4-452D-8FFC-87E1966B3E29}.Release|Any CPU.Build.0 = Release|Any CPU
	EndGlobalSection
	GlobalSection(SolutionProperties) = preSolution
		HideSolutionNode = FALSE
	EndGlobalSection
EndGlobal
