
Microsoft Visual Studio Solution File, Format Version 11.00
# Visual Studio 2010
Project("{E24C65DC-7377-472B-9ABA-BC803B73C61A}") = "JQEBookingTest.Web", "JQEBookingTest\JQEBookingTest.Web\", "{C079D590-5A99-4AFB-A6C7-203FA9982C7B}"
	ProjectSection(WebsiteProperties) = preProject
		TargetFrameworkMoniker = ".NETFramework,Version%3Dv4.0"
		ProjectReferences = "{5094DE30-1E57-4BF2-B250-B49E582E944A}|JQEBookingTest.Business.dll;{264A2FA2-73CF-4B19-B002-ABA1885F5E8A}|JQEBookingTest.Common.dll;{975B3B75-557F-4337-8892-82670C6938AC}|JQEBookingTest.DataAccess.dll;{CE37F836-9FE8-44E4-A8B7-01EEE1EC0C08}|JQEBookingTest.IBusiness.dll;{DCDBA6F8-0674-4ED8-90A8-3DBDAC4583D3}|JQEBookingTest.Injector.dll;{C213E29A-9C9A-4EC7-B827-6DF6307991FE}|JQEBookingTest.Model.dll;"
		Debug.AspNetCompiler.VirtualPath = "/JQEBookingTest.Web"
		Debug.AspNetCompiler.PhysicalPath = "JQEBookingTest\JQEBookingTest.Web\"
		Debug.AspNetCompiler.TargetPath = "PrecompiledWeb\JQEBookingTest.Web\"
		Debug.AspNetCompiler.Updateable = "true"
		Debug.AspNetCompiler.ForceOverwrite = "true"
		Debug.AspNetCompiler.FixedNames = "false"
		Debug.AspNetCompiler.Debug = "True"
		Release.AspNetCompiler.VirtualPath = "/JQEBookingTest.Web"
		Release.AspNetCompiler.PhysicalPath = "JQEBookingTest\JQEBookingTest.Web\"
		Release.AspNetCompiler.TargetPath = "PrecompiledWeb\JQEBookingTest.Web\"
		Release.AspNetCompiler.Updateable = "true"
		Release.AspNetCompiler.ForceOverwrite = "true"
		Release.AspNetCompiler.FixedNames = "false"
		Release.AspNetCompiler.Debug = "False"
		VWDPort = "55457"
		DefaultWebSiteLanguage = "Visual C#"
	EndProjectSection
EndProject
Project("{FAE04EC0-301F-11D3-BF4B-00C04F79EFBC}") = "JQEBookingTest.Business", "JQEBookingTest\JQEBookingTest.Business\JQEBookingTest.Business.csproj", "{5094DE30-1E57-4BF2-B250-B49E582E944A}"
EndProject
Project("{FAE04EC0-301F-11D3-BF4B-00C04F79EFBC}") = "JQEBookingTest.DataAccess", "JQEBookingTest\JQEBookingTest.DataAccess\JQEBookingTest.DataAccess.csproj", "{975B3B75-557F-4337-8892-82670C6938AC}"
EndProject
Project("{FAE04EC0-301F-11D3-BF4B-00C04F79EFBC}") = "JQEBookingTest.IBusiness", "JQEBookingTest\JQEBookingTest.IBusiness\JQEBookingTest.IBusiness.csproj", "{CE37F836-9FE8-44E4-A8B7-01EEE1EC0C08}"
EndProject
Project("{FAE04EC0-301F-11D3-BF4B-00C04F79EFBC}") = "JQEBookingTest.Model", "JQEBookingTest\JQEBookingTest.Model\JQEBookingTest.Model.csproj", "{C213E29A-9C9A-4EC7-B827-6DF6307991FE}"
EndProject
Project("{FAE04EC0-301F-11D3-BF4B-00C04F79EFBC}") = "JQEBookingTest.Common", "JQEBookingTest\JQEBookingTest.Common\JQEBookingTest.Common.csproj", "{264A2FA2-73CF-4B19-B002-ABA1885F5E8A}"
EndProject
Project("{FAE04EC0-301F-11D3-BF4B-00C04F79EFBC}") = "JQEBookingTest.Injector", "JQEBookingTest\JQEBookingTest.Injector\JQEBookingTest.Injector.csproj", "{DCDBA6F8-0674-4ED8-90A8-3DBDAC4583D3}"
EndProject
Global
	GlobalSection(SolutionConfigurationPlatforms) = preSolution
		Debug|Any CPU = Debug|Any CPU
		Release|Any CPU = Release|Any CPU
	EndGlobalSection
	GlobalSection(ProjectConfigurationPlatforms) = postSolution
		{C079D590-5A99-4AFB-A6C7-203FA9982C7B}.Debug|Any CPU.ActiveCfg = Debug|Any CPU
		{C079D590-5A99-4AFB-A6C7-203FA9982C7B}.Debug|Any CPU.Build.0 = Debug|Any CPU
		{C079D590-5A99-4AFB-A6C7-203FA9982C7B}.Release|Any CPU.ActiveCfg = Debug|Any CPU
		{C079D590-5A99-4AFB-A6C7-203FA9982C7B}.Release|Any CPU.Build.0 = Debug|Any CPU
		{5094DE30-1E57-4BF2-B250-B49E582E944A}.Debug|Any CPU.ActiveCfg = Debug|Any CPU
		{5094DE30-1E57-4BF2-B250-B49E582E944A}.Debug|Any CPU.Build.0 = Debug|Any CPU
		{5094DE30-1E57-4BF2-B250-B49E582E944A}.Release|Any CPU.ActiveCfg = Release|Any CPU
		{5094DE30-1E57-4BF2-B250-B49E582E944A}.Release|Any CPU.Build.0 = Release|Any CPU
		{975B3B75-557F-4337-8892-82670C6938AC}.Debug|Any CPU.ActiveCfg = Debug|Any CPU
		{975B3B75-557F-4337-8892-82670C6938AC}.Debug|Any CPU.Build.0 = Debug|Any CPU
		{975B3B75-557F-4337-8892-82670C6938AC}.Release|Any CPU.ActiveCfg = Release|Any CPU
		{975B3B75-557F-4337-8892-82670C6938AC}.Release|Any CPU.Build.0 = Release|Any CPU
		{CE37F836-9FE8-44E4-A8B7-01EEE1EC0C08}.Debug|Any CPU.ActiveCfg = Debug|Any CPU
		{CE37F836-9FE8-44E4-A8B7-01EEE1EC0C08}.Debug|Any CPU.Build.0 = Debug|Any CPU
		{CE37F836-9FE8-44E4-A8B7-01EEE1EC0C08}.Release|Any CPU.ActiveCfg = Release|Any CPU
		{CE37F836-9FE8-44E4-A8B7-01EEE1EC0C08}.Release|Any CPU.Build.0 = Release|Any CPU
		{C213E29A-9C9A-4EC7-B827-6DF6307991FE}.Debug|Any CPU.ActiveCfg = Debug|Any CPU
		{C213E29A-9C9A-4EC7-B827-6DF6307991FE}.Debug|Any CPU.Build.0 = Debug|Any CPU
		{C213E29A-9C9A-4EC7-B827-6DF6307991FE}.Release|Any CPU.ActiveCfg = Release|Any CPU
		{C213E29A-9C9A-4EC7-B827-6DF6307991FE}.Release|Any CPU.Build.0 = Release|Any CPU
		{264A2FA2-73CF-4B19-B002-ABA1885F5E8A}.Debug|Any CPU.ActiveCfg = Debug|Any CPU
		{264A2FA2-73CF-4B19-B002-ABA1885F5E8A}.Debug|Any CPU.Build.0 = Debug|Any CPU
		{264A2FA2-73CF-4B19-B002-ABA1885F5E8A}.Release|Any CPU.ActiveCfg = Release|Any CPU
		{264A2FA2-73CF-4B19-B002-ABA1885F5E8A}.Release|Any CPU.Build.0 = Release|Any CPU
		{DCDBA6F8-0674-4ED8-90A8-3DBDAC4583D3}.Debug|Any CPU.ActiveCfg = Debug|Any CPU
		{DCDBA6F8-0674-4ED8-90A8-3DBDAC4583D3}.Debug|Any CPU.Build.0 = Debug|Any CPU
		{DCDBA6F8-0674-4ED8-90A8-3DBDAC4583D3}.Release|Any CPU.ActiveCfg = Release|Any CPU
		{DCDBA6F8-0674-4ED8-90A8-3DBDAC4583D3}.Release|Any CPU.Build.0 = Release|Any CPU
	EndGlobalSection
	GlobalSection(SolutionProperties) = preSolution
		HideSolutionNode = FALSE
	EndGlobalSection
EndGlobal
